// !$*UTF8*$!
{
	archiveVersion = 1;
	classes = {
	};
	objectVersion = 50;
	objects = {

/* Begin PBXBuildFile section */
		68612F81248EB30100F5AE64 /* AppDelegate.swift in Sources */ = {isa = PBXBuildFile; fileRef = 68612F80248EB30100F5AE64 /* AppDelegate.swift */; };
		68612F88248EB30100F5AE64 /* Main.storyboard in Resources */ = {isa = PBXBuildFile; fileRef = 68612F86248EB30100F5AE64 /* Main.storyboard */; };
		68612F8A248EB30600F5AE64 /* Assets.xcassets in Resources */ = {isa = PBXBuildFile; fileRef = 68612F89248EB30600F5AE64 /* Assets.xcassets */; };
		68612F8D248EB30600F5AE64 /* LaunchScreen.storyboard in Resources */ = {isa = PBXBuildFile; fileRef = 68612F8B248EB30600F5AE64 /* LaunchScreen.storyboard */; };
		68612F9C248EB59400F5AE64 /* ViewController.swift in Sources */ = {isa = PBXBuildFile; fileRef = 68612F9B248EB59400F5AE64 /* ViewController.swift */; };
		68612F9E248EB5B900F5AE64 /* NavigationController.swift in Sources */ = {isa = PBXBuildFile; fileRef = 68612F9D248EB5B900F5AE64 /* NavigationController.swift */; };
		68612FA0248EB6DE00F5AE64 /* TabBarController.swift in Sources */ = {isa = PBXBuildFile; fileRef = 68612F9F248EB6DE00F5AE64 /* TabBarController.swift */; };
		68612FA2248EB72600F5AE64 /* DropDownListController.swift in Sources */ = {isa = PBXBuildFile; fileRef = 68612FA1248EB72600F5AE64 /* DropDownListController.swift */; };
		68612FA4248EB76B00F5AE64 /* AddDeleteCellListController.swift in Sources */ = {isa = PBXBuildFile; fileRef = 68612FA3248EB76B00F5AE64 /* AddDeleteCellListController.swift */; };
		68612FA6248EB78D00F5AE64 /* EditingListController.swift in Sources */ = {isa = PBXBuildFile; fileRef = 68612FA5248EB78D00F5AE64 /* EditingListController.swift */; };
		68612FAA248EB81000F5AE64 /* TableViewController.swift in Sources */ = {isa = PBXBuildFile; fileRef = 68612FA9248EB81000F5AE64 /* TableViewController.swift */; };
/* End PBXBuildFile section */

/* Begin PBXFileReference section */
		68612F7D248EB30100F5AE64 /* My_lesson21_DynamicTableView.app */ = {isa = PBXFileReference; explicitFileType = wrapper.application; includeInIndex = 0; path = My_lesson21_DynamicTableView.app; sourceTree = BUILT_PRODUCTS_DIR; };
		68612F80248EB30100F5AE64 /* AppDelegate.swift */ = {isa = PBXFileReference; lastKnownFileType = sourcecode.swift; path = AppDelegate.swift; sourceTree = "<group>"; };
		68612F87248EB30100F5AE64 /* Base */ = {isa = PBXFileReference; lastKnownFileType = file.storyboard; name = Base; path = Base.lproj/Main.storyboard; sourceTree = "<group>"; };
		68612F89248EB30600F5AE64 /* Assets.xcassets */ = {isa = PBXFileReference; lastKnownFileType = folder.assetcatalog; path = Assets.xcassets; sourceTree = "<group>"; };
		68612F8C248EB30600F5AE64 /* Base */ = {isa = PBXFileReference; lastKnownFileType = file.storyboard; name = Base; path = Base.lproj/LaunchScreen.storyboard; sourceTree = "<group>"; };
		68612F8E248EB30600F5AE64 /* Info.plist */ = {isa = PBXFileReference; lastKnownFileType = text.plist.xml; path = Info.plist; sourceTree = "<group>"; };
		68612F9B248EB59400F5AE64 /* ViewController.swift */ = {isa = PBXFileReference; lastKnownFileType = sourcecode.swift; path = ViewController.swift; sourceTree = "<group>"; };
		68612F9D248EB5B900F5AE64 /* NavigationController.swift */ = {isa = PBXFileReference; lastKnownFileType = sourcecode.swift; path = NavigationController.swift; sourceTree = "<group>"; };
		68612F9F248EB6DE00F5AE64 /* TabBarController.swift */ = {isa = PBXFileReference; lastKnownFileType = sourcecode.swift; path = TabBarController.swift; sourceTree = "<group>"; };
		68612FA1248EB72600F5AE64 /* DropDownListController.swift */ = {isa = PBXFileReference; lastKnownFileType = sourcecode.swift; path = DropDownListController.swift; sourceTree = "<group>"; };
		68612FA3248EB76B00F5AE64 /* AddDeleteCellListController.swift */ = {isa = PBXFileReference; lastKnownFileType = sourcecode.swift; path = AddDeleteCellListController.swift; sourceTree = "<group>"; };
		68612FA5248EB78D00F5AE64 /* EditingListController.swift */ = {isa = PBXFileReference; lastKnownFileType = sourcecode.swift; path = EditingListController.swift; sourceTree = "<group>"; };
		68612FA9248EB81000F5AE64 /* TableViewController.swift */ = {isa = PBXFileReference; lastKnownFileType = sourcecode.swift; path = TableViewController.swift; sourceTree = "<group>"; };
/* End PBXFileReference section */

/* Begin PBXFrameworksBuildPhase section */
		68612F7A248EB30100F5AE64 /* Frameworks */ = {
			isa = PBXFrameworksBuildPhase;
			buildActionMask = 2147483647;
			files = (
			);
			runOnlyForDeploymentPostprocessing = 0;
		};
/* End PBXFrameworksBuildPhase section */

/* Begin PBXGroup section */
		68612F74248EB30100F5AE64 = {
			isa = PBXGroup;
			children = (
				68612F7F248EB30100F5AE64 /* My_lesson21_DynamicTableView */,
				68612F7E248EB30100F5AE64 /* Products */,
			);
			sourceTree = "<group>";
		};
		68612F7E248EB30100F5AE64 /* Products */ = {
			isa = PBXGroup;
			children = (
				68612F7D248EB30100F5AE64 /* My_lesson21_DynamicTableView.app */,
			);
			name = Products;
			sourceTree = "<group>";
		};
		68612F7F248EB30100F5AE64 /* My_lesson21_DynamicTableView */ = {
			isa = PBXGroup;
			children = (
				68612F95248EB44D00F5AE64 /* Model */,
				68612F94248EB44700F5AE64 /* UI */,
				68612F80248EB30100F5AE64 /* AppDelegate.swift */,
				68612F86248EB30100F5AE64 /* Main.storyboard */,
				68612F89248EB30600F5AE64 /* Assets.xcassets */,
				68612F8B248EB30600F5AE64 /* LaunchScreen.storyboard */,
				68612F8E248EB30600F5AE64 /* Info.plist */,
			);
			path = My_lesson21_DynamicTableView;
			sourceTree = "<group>";
		};
		68612F94248EB44700F5AE64 /* UI */ = {
			isa = PBXGroup;
			children = (
				68612FA7248EB7BD00F5AE64 /* Views */,
				68612F9A248EB50000F5AE64 /* AddDeleteCellList */,
				68612F99248EB4F100F5AE64 /* EditingList */,
				68612F98248EB49A00F5AE64 /* DropDownList */,
				68612F97248EB46A00F5AE64 /* TabBar */,
				68612F96248EB46400F5AE64 /* Base */,
			);
			path = UI;
			sourceTree = "<group>";
		};
		68612F95248EB44D00F5AE64 /* Model */ = {
			isa = PBXGroup;
			children = (
			);
			path = Model;
			sourceTree = "<group>";
		};
		68612F96248EB46400F5AE64 /* Base */ = {
			isa = PBXGroup;
			children = (
				68612F9B248EB59400F5AE64 /* ViewController.swift */,
				68612F9D248EB5B900F5AE64 /* NavigationController.swift */,
				68612FA9248EB81000F5AE64 /* TableViewController.swift */,
			);
			path = Base;
			sourceTree = "<group>";
		};
		68612F97248EB46A00F5AE64 /* TabBar */ = {
			isa = PBXGroup;
			children = (
				68612F9F248EB6DE00F5AE64 /* TabBarController.swift */,
			);
			path = TabBar;
			sourceTree = "<group>";
		};
		68612F98248EB49A00F5AE64 /* DropDownList */ = {
			isa = PBXGroup;
			children = (
				68612FA1248EB72600F5AE64 /* DropDownListController.swift */,
			);
			path = DropDownList;
			sourceTree = "<group>";
		};
		68612F99248EB4F100F5AE64 /* EditingList */ = {
			isa = PBXGroup;
			children = (
				68612FA5248EB78D00F5AE64 /* EditingListController.swift */,
			);
			path = EditingList;
			sourceTree = "<group>";
		};
		68612F9A248EB50000F5AE64 /* AddDeleteCellList */ = {
			isa = PBXGroup;
			children = (
				68612FA3248EB76B00F5AE64 /* AddDeleteCellListController.swift */,
			);
			path = AddDeleteCellList;
			sourceTree = "<group>";
		};
		68612FA7248EB7BD00F5AE64 /* Views */ = {
			isa = PBXGroup;
			children = (
				68612FA8248EB7C200F5AE64 /* Cells */,
			);
			path = Views;
			sourceTree = "<group>";
		};
		68612FA8248EB7C200F5AE64 /* Cells */ = {
			isa = PBXGroup;
			children = (
			);
			path = Cells;
			sourceTree = "<group>";
		};
/* End PBXGroup section */

/* Begin PBXNativeTarget section */
		68612F7C248EB30100F5AE64 /* My_lesson21_DynamicTableView */ = {
			isa = PBXNativeTarget;
			buildConfigurationList = 68612F91248EB30600F5AE64 /* Build configuration list for PBXNativeTarget "My_lesson21_DynamicTableView" */;
			buildPhases = (
				68612F79248EB30100F5AE64 /* Sources */,
				68612F7A248EB30100F5AE64 /* Frameworks */,
				68612F7B248EB30100F5AE64 /* Resources */,
			);
			buildRules = (
			);
			dependencies = (
			);
			name = My_lesson21_DynamicTableView;
			productName = My_lesson21_DynamicTableView;
			productReference = 68612F7D248EB30100F5AE64 /* My_lesson21_DynamicTableView.app */;
			productType = "com.apple.product-type.application";
		};
/* End PBXNativeTarget section */

/* Begin PBXProject section */
		68612F75248EB30100F5AE64 /* Project object */ = {
			isa = PBXProject;
			attributes = {
				LastSwiftUpdateCheck = 1150;
				LastUpgradeCheck = 1150;
				ORGANIZATIONNAME = OlegChudnovskiy;
				TargetAttributes = {
					68612F7C248EB30100F5AE64 = {
						CreatedOnToolsVersion = 11.5;
					};
				};
			};
			buildConfigurationList = 68612F78248EB30100F5AE64 /* Build configuration list for PBXProject "My_lesson21_DynamicTableView" */;
			compatibilityVersion = "Xcode 9.3";
			developmentRegion = en;
			hasScannedForEncodings = 0;
			knownRegions = (
				en,
				Base,
			);
			mainGroup = 68612F74248EB30100F5AE64;
			productRefGroup = 68612F7E248EB30100F5AE64 /* Products */;
			projectDirPath = "";
			projectRoot = "";
			targets = (
				68612F7C248EB30100F5AE64 /* My_lesson21_DynamicTableView */,
			);
		};
/* End PBXProject section */

/* Begin PBXResourcesBuildPhase section */
		68612F7B248EB30100F5AE64 /* Resources */ = {
			isa = PBXResourcesBuildPhase;
			buildActionMask = 2147483647;
			files = (
				68612F8D248EB30600F5AE64 /* LaunchScreen.storyboard in Resources */,
				68612F8A248EB30600F5AE64 /* Assets.xcassets in Resources */,
				68612F88248EB30100F5AE64 /* Main.storyboard in Resources */,
			);
			runOnlyForDeploymentPostprocessing = 0;
		};
/* End PBXResourcesBuildPhase section */

/* Begin PBXSourcesBuildPhase section */
		68612F79248EB30100F5AE64 /* Sources */ = {
			isa = PBXSourcesBuildPhase;
			buildActionMask = 2147483647;
			files = (
				68612FA4248EB76B00F5AE64 /* AddDeleteCellListController.swift in Sources */,
				68612F9C248EB59400F5AE64 /* ViewController.swift in Sources */,
				68612FA0248EB6DE00F5AE64 /* TabBarController.swift in Sources */,
				68612FAA248EB81000F5AE64 /* TableViewController.swift in Sources */,
				68612F9E248EB5B900F5AE64 /* NavigationController.swift in Sources */,
				68612F81248EB30100F5AE64 /* AppDelegate.swift in Sources */,
				68612FA6248EB78D00F5AE64 /* EditingListController.swift in Sources */,
				68612FA2248EB72600F5AE64 /* DropDownListController.swift in Sources */,
			);
			runOnlyForDeploymentPostprocessing = 0;
		};
/* End PBXSourcesBuildPhase section */

/* Begin PBXVariantGroup section */
		68612F86248EB30100F5AE64 /* Main.storyboard */ = {
			isa = PBXVariantGroup;
			children = (
				68612F87248EB30100F5AE64 /* Base */,
			);
			name = Main.storyboard;
			sourceTree = "<group>";
		};
		68612F8B248EB30600F5AE64 /* LaunchScreen.storyboard */ = {
			isa = PBXVariantGroup;
			children = (
				68612F8C248EB30600F5AE64 /* Base */,
			);
			name = LaunchScreen.storyboard;
			sourceTree = "<group>";
		};
/* End PBXVariantGroup section */

/* Begin XCBuildConfiguration section */
		68612F8F248EB30600F5AE64 /* Debug */ = {
			isa = XCBuildConfiguration;
			buildSettings = {
				ALWAYS_SEARCH_USER_PATHS = NO;
				CLANG_ANALYZER_NONNULL = YES;
				CLANG_ANALYZER_NUMBER_OBJECT_CONVERSION = YES_AGGRESSIVE;
				CLANG_CXX_LANGUAGE_STANDARD = "gnu++14";
				CLANG_CXX_LIBRARY = "libc++";
				CLANG_ENABLE_MODULES = YES;
				CLANG_ENABLE_OBJC_ARC = YES;
				CLANG_ENABLE_OBJC_WEAK = YES;
				CLANG_WARN_BLOCK_CAPTURE_AUTORELEASING = YES;
				CLANG_WARN_BOOL_CONVERSION = YES;
				CLANG_WARN_COMMA = YES;
				CLANG_WARN_CONSTANT_CONVERSION = YES;
				CLANG_WARN_DEPRECATED_OBJC_IMPLEMENTATIONS = YES;
				CLANG_WARN_DIRECT_OBJC_ISA_USAGE = YES_ERROR;
				CLANG_WARN_DOCUMENTATION_COMMENTS = YES;
				CLANG_WARN_EMPTY_BODY = YES;
				CLANG_WARN_ENUM_CONVERSION = YES;
				CLANG_WARN_INFINITE_RECURSION = YES;
				CLANG_WARN_INT_CONVERSION = YES;
				CLANG_WARN_NON_LITERAL_NULL_CONVERSION = YES;
				CLANG_WARN_OBJC_IMPLICIT_RETAIN_SELF = YES;
				CLANG_WARN_OBJC_LITERAL_CONVERSION = YES;
				CLANG_WARN_OBJC_ROOT_CLASS = YES_ERROR;
				CLANG_WARN_RANGE_LOOP_ANALYSIS = YES;
				CLANG_WARN_STRICT_PROTOTYPES = YES;
				CLANG_WARN_SUSPICIOUS_MOVE = YES;
				CLANG_WARN_UNGUARDED_AVAILABILITY = YES_AGGRESSIVE;
				CLANG_WARN_UNREACHABLE_CODE = YES;
				CLANG_WARN__DUPLICATE_METHOD_MATCH = YES;
				COPY_PHASE_STRIP = NO;
				DEBUG_INFORMATION_FORMAT = dwarf;
				ENABLE_STRICT_OBJC_MSGSEND = YES;
				ENABLE_TESTABILITY = YES;
				GCC_C_LANGUAGE_STANDARD = gnu11;
				GCC_DYNAMIC_NO_PIC = NO;
				GCC_NO_COMMON_BLOCKS = YES;
				GCC_OPTIMIZATION_LEVEL = 0;
				GCC_PREPROCESSOR_DEFINITIONS = (
					"DEBUG=1",
					"$(inherited)",
				);
				GCC_WARN_64_TO_32_BIT_CONVERSION = YES;
				GCC_WARN_ABOUT_RETURN_TYPE = YES_ERROR;
				GCC_WARN_UNDECLARED_SELECTOR = YES;
				GCC_WARN_UNINITIALIZED_AUTOS = YES_AGGRESSIVE;
				GCC_WARN_UNUSED_FUNCTION = YES;
				GCC_WARN_UNUSED_VARIABLE = YES;
				IPHONEOS_DEPLOYMENT_TARGET = 13.5;
				MTL_ENABLE_DEBUG_INFO = INCLUDE_SOURCE;
				MTL_FAST_MATH = YES;
				ONLY_ACTIVE_ARCH = YES;
				SDKROOT = iphoneos;
				SWIFT_ACTIVE_COMPILATION_CONDITIONS = DEBUG;
				SWIFT_OPTIMIZATION_LEVEL = "-Onone";
			};
			name = Debug;
		};
		68612F90248EB30600F5AE64 /* Release */ = {
			isa = XCBuildConfiguration;
			buildSettings = {
				ALWAYS_SEARCH_USER_PATHS = NO;
				CLANG_ANALYZER_NONNULL = YES;
				CLANG_ANALYZER_NUMBER_OBJECT_CONVERSION = YES_AGGRESSIVE;
				CLANG_CXX_LANGUAGE_STANDARD = "gnu++14";
				CLANG_CXX_LIBRARY = "libc++";
				CLANG_ENABLE_MODULES = YES;
				CLANG_ENABLE_OBJC_ARC = YES;
				CLANG_ENABLE_OBJC_WEAK = YES;
				CLANG_WARN_BLOCK_CAPTURE_AUTORELEASING = YES;
				CLANG_WARN_BOOL_CONVERSION = YES;
				CLANG_WARN_COMMA = YES;
				CLANG_WARN_CONSTANT_CONVERSION = YES;
				CLANG_WARN_DEPRECATED_OBJC_IMPLEMENTATIONS = YES;
				CLANG_WARN_DIRECT_OBJC_ISA_USAGE = YES_ERROR;
				CLANG_WARN_DOCUMENTATION_COMMENTS = YES;
				CLANG_WARN_EMPTY_BODY = YES;
				CLANG_WARN_ENUM_CONVERSION = YES;
				CLANG_WARN_INFINITE_RECURSION = YES;
				CLANG_WARN_INT_CONVERSION = YES;
				CLANG_WARN_NON_LITERAL_NULL_CONVERSION = YES;
				CLANG_WARN_OBJC_IMPLICIT_RETAIN_SELF = YES;
				CLANG_WARN_OBJC_LITERAL_CONVERSION = YES;
				CLANG_WARN_OBJC_ROOT_CLASS = YES_ERROR;
				CLANG_WARN_RANGE_LOOP_ANALYSIS = YES;
				CLANG_WARN_STRICT_PROTOTYPES = YES;
				CLANG_WARN_SUSPICIOUS_MOVE = YES;
				CLANG_WARN_UNGUARDED_AVAILABILITY = YES_AGGRESSIVE;
				CLANG_WARN_UNREACHABLE_CODE = YES;
				CLANG_WARN__DUPLICATE_METHOD_MATCH = YES;
				COPY_PHASE_STRIP = NO;
				DEBUG_INFORMATION_FORMAT = "dwarf-with-dsym";
				ENABLE_NS_ASSERTIONS = NO;
				ENABLE_STRICT_OBJC_MSGSEND = YES;
				GCC_C_LANGUAGE_STANDARD = gnu11;
				GCC_NO_COMMON_BLOCKS = YES;
				GCC_WARN_64_TO_32_BIT_CONVERSION = YES;
				GCC_WARN_ABOUT_RETURN_TYPE = YES_ERROR;
				GCC_WARN_UNDECLARED_SELECTOR = YES;
				GCC_WARN_UNINITIALIZED_AUTOS = YES_AGGRESSIVE;
				GCC_WARN_UNUSED_FUNCTION = YES;
				GCC_WARN_UNUSED_VARIABLE = YES;
				IPHONEOS_DEPLOYMENT_TARGET = 13.5;
				MTL_ENABLE_DEBUG_INFO = NO;
				MTL_FAST_MATH = YES;
				SDKROOT = iphoneos;
				SWIFT_COMPILATION_MODE = wholemodule;
				SWIFT_OPTIMIZATION_LEVEL = "-O";
				VALIDATE_PRODUCT = YES;
			};
			name = Release;
		};
		68612F92248EB30600F5AE64 /* Debug */ = {
			isa = XCBuildConfiguration;
			buildSettings = {
				ASSETCATALOG_COMPILER_APPICON_NAME = AppIcon;
				CODE_SIGN_STYLE = Automatic;
				INFOPLIST_FILE = My_lesson21_DynamicTableView/Info.plist;
				IPHONEOS_DEPLOYMENT_TARGET = 12.4;
				LD_RUNPATH_SEARCH_PATHS = (
					"$(inherited)",
					"@executable_path/Frameworks",
				);
				PRODUCT_BUNDLE_IDENTIFIER = "com.OlegChudnovskiy.My-lesson21-DynamicTableView";
				PRODUCT_NAME = "$(TARGET_NAME)";
				SWIFT_VERSION = 5.0;
				TARGETED_DEVICE_FAMILY = "1,2";
			};
			name = Debug;
		};
		68612F93248EB30600F5AE64 /* Release */ = {
			isa = XCBuildConfiguration;
			buildSettings = {
				ASSETCATALOG_COMPILER_APPICON_NAME = AppIcon;
				CODE_SIGN_STYLE = Automatic;
				INFOPLIST_FILE = My_lesson21_DynamicTableView/Info.plist;
				IPHONEOS_DEPLOYMENT_TARGET = 12.4;
				LD_RUNPATH_SEARCH_PATHS = (
					"$(inherited)",
					"@executable_path/Frameworks",
				);
				PRODUCT_BUNDLE_IDENTIFIER = "com.OlegChudnovskiy.My-lesson21-DynamicTableView";
				PRODUCT_NAME = "$(TARGET_NAME)";
				SWIFT_VERSION = 5.0;
				TARGETED_DEVICE_FAMILY = "1,2";
			};
			name = Release;
		};
/* End XCBuildConfiguration section */

/* Begin XCConfigurationList section */
		68612F78248EB30100F5AE64 /* Build configuration list for PBXProject "My_lesson21_DynamicTableView" */ = {
			isa = XCConfigurationList;
			buildConfigurations = (
				68612F8F248EB30600F5AE64 /* Debug */,
				68612F90248EB30600F5AE64 /* Release */,
			);
			defaultConfigurationIsVisible = 0;
			defaultConfigurationName = Release;
		};
		68612F91248EB30600F5AE64 /* Build configuration list for PBXNativeTarget "My_lesson21_DynamicTableView" */ = {
			isa = XCConfigurationList;
			buildConfigurations = (
				68612F92248EB30600F5AE64 /* Debug */,
				68612F93248EB30600F5AE64 /* Release */,
			);
			defaultConfigurationIsVisible = 0;
			defaultConfigurationName = Release;
		};
/* End XCConfigurationList section */
	};
	rootObject = 68612F75248EB30100F5AE64 /* Project object */;
}
